
Microsoft Visual Studio Solution File, Format Version 12.00
# Visual Studio Version 17
VisualStudioVersion = 17.14.36109.1 d17.14
MinimumVisualStudioVersion = 10.0.40219.1
Project("{FAE04EC0-301F-11D3-BF4B-00C04F79EFBC}") = "WindowsFormsApp9", "WindowsFormsApp9\WindowsFormsApp9.csproj", "{F49B8019-2104-4BF5-A112-467ACCECBDF6}"
EndProject
Global
	GlobalSection(SolutionConfigurationPlatforms) = preSolution
		Debug|Any CPU = Debug|Any CPU
		Release|Any CPU = Release|Any CPU
	EndGlobalSection
	GlobalSection(ProjectConfigurationPlatforms) = postSolution
		{F49B8019-2104-4BF5-A112-467ACCECBDF6}.Debug|Any CPU.ActiveCfg = Debug|Any CPU
		{F49B8019-2104-4BF5-A112-467ACCECBDF6}.Debug|Any CPU.Build.0 = Debug|Any CPU
		{F49B8019-2104-4BF5-A112-467ACCECBDF6}.Release|Any CPU.ActiveCfg = Release|Any CPU
		{F49B8019-2104-4BF5-A112-467ACCECBDF6}.Release|Any CPU.Build.0 = Release|Any CPU
	EndGlobalSection
	GlobalSection(SolutionProperties) = preSolution
		HideSolutionNode = FALSE
	EndGlobalSection
	GlobalSection(ExtensibilityGlobals) = postSolution
		SolutionGuid = {EF0166A0-7EAF-4344-ADE0-79021332D7FC}
	EndGlobalSection
EndGlobal
