
Microsoft Visual Studio Solution File, Format Version 12.00
# Visual Studio Version 17
VisualStudioVersion = 17.13.35931.197 d17.13
MinimumVisualStudioVersion = 10.0.40219.1
Project("{FAE04EC0-301F-11D3-BF4B-00C04F79EFBC}") = "WindowsFormsApp7", "WindowsFormsApp7\WindowsFormsApp7.csproj", "{8255ECF1-4F84-4A94-8CCD-2DF38CB51558}"
EndProject
Global
	GlobalSection(SolutionConfigurationPlatforms) = preSolution
		Debug|Any CPU = Debug|Any CPU
		Release|Any CPU = Release|Any CPU
	EndGlobalSection
	GlobalSection(ProjectConfigurationPlatforms) = postSolution
		{8255ECF1-4F84-4A94-8CCD-2DF38CB51558}.Debug|Any CPU.ActiveCfg = Debug|Any CPU
		{8255ECF1-4F84-4A94-8CCD-2DF38CB51558}.Debug|Any CPU.Build.0 = Debug|Any CPU
		{8255ECF1-4F84-4A94-8CCD-2DF38CB51558}.Release|Any CPU.ActiveCfg = Release|Any CPU
		{8255ECF1-4F84-4A94-8CCD-2DF38CB51558}.Release|Any CPU.Build.0 = Release|Any CPU
	EndGlobalSection
	GlobalSection(SolutionProperties) = preSolution
		HideSolutionNode = FALSE
	EndGlobalSection
	GlobalSection(ExtensibilityGlobals) = postSolution
		SolutionGuid = {A812B6EF-6431-45FC-BF24-ADE154D60419}
	EndGlobalSection
EndGlobal
